// !$*UTF8*$!
{
	archiveVersion = 1;
	classes = {
	};
	objectVersion = 56;
	objects = {

/* Begin PBXBuildFile section */
		063079802DC66DCC00781852 /* AddTaskView.swift in Sources */ = {isa = PBXBuildFile; fileRef = 0630797B2DC66DCB00781852 /* AddTaskView.swift */; };
		063079812DC66DCC00781852 /* Models.swift in Sources */ = {isa = PBXBuildFile; fileRef = 0630797C2DC66DCB00781852 /* Models.swift */; };
		063079832DC66DCC00781852 /* TaskListView.swift in Sources */ = {isa = PBXBuildFile; fileRef = 0630797E2DC66DCB00781852 /* TaskListView.swift */; };
		063079842DC66DCC00781852 /* ContentView.swift in Sources */ = {isa = PBXBuildFile; fileRef = 0630797F2DC66DCB00781852 /* ContentView.swift */; };
		063079862DC671FA00781852 /* AddCategoryView.swift in Sources */ = {isa = PBXBuildFile; fileRef = 063079852DC671FA00781852 /* AddCategoryView.swift */; };
		063079882DC684B000781852 /* RollingQuoteView.swift in Sources */ = {isa = PBXBuildFile; fileRef = 063079872DC684B000781852 /* RollingQuoteView.swift */; };
		06EDB1C02DC7982900094050 /* ShareSheet.swift in Sources */ = {isa = PBXBuildFile; fileRef = 06EDB1BB2DC7982900094050 /* ShareSheet.swift */; };
		06EDB1C12DC7982900094050 /* ImportExportManager.swift in Sources */ = {isa = PBXBuildFile; fileRef = 06EDB1BC2DC7982900094050 /* ImportExportManager.swift */; };
		06EDB1C22DC7982900094050 /* SearchViews.swift in Sources */ = {isa = PBXBuildFile; fileRef = 06EDB1BD2DC7982900094050 /* SearchViews.swift */; };
		06EDB1C32DC7982900094050 /* StatisticsView.swift in Sources */ = {isa = PBXBuildFile; fileRef = 06EDB1BE2DC7982900094050 /* StatisticsView.swift */; };
		06EDB1C42DC7982900094050 /* EditTaskView.swift in Sources */ = {isa = PBXBuildFile; fileRef = 06EDB1BF2DC7982900094050 /* EditTaskView.swift */; };
		06EDB1C62DC79E7F00094050 /* CategoryCard.swift in Sources */ = {isa = PBXBuildFile; fileRef = 06EDB1C52DC79E7E00094050 /* CategoryCard.swift */; };
		06EDB1C82DC7CA7F00094050 /* SettingsView.swift in Sources */ = {isa = PBXBuildFile; fileRef = 06EDB1C72DC7CA7E00094050 /* SettingsView.swift */; };
		06EDB1CA2DC7CF8700094050 /* CreditsView.swift in Sources */ = {isa = PBXBuildFile; fileRef = 06EDB1C92DC7CF8700094050 /* CreditsView.swift */; };
		06EDB1CC2DC7E02E00094050 /* ThemeManager.swift in Sources */ = {isa = PBXBuildFile; fileRef = 06EDB1CB2DC7E02E00094050 /* ThemeManager.swift */; };
		06F020A62DC53F9600277BE0 /* To_Do_AppApp.swift in Sources */ = {isa = PBXBuildFile; fileRef = 06F020A52DC53F9600277BE0 /* To_Do_AppApp.swift */; };
		06F020A82DC53F9600277BE0 /* CalendarTaskView.swift in Sources */ = {isa = PBXBuildFile; fileRef = 06F020A72DC53F9600277BE0 /* CalendarTaskView.swift */; };
		06F020AA2DC53F9A00277BE0 /* Assets.xcassets in Resources */ = {isa = PBXBuildFile; fileRef = 06F020A92DC53F9A00277BE0 /* Assets.xcassets */; };
		06F020AD2DC53F9A00277BE0 /* Preview Assets.xcassets in Resources */ = {isa = PBXBuildFile; fileRef = 06F020AC2DC53F9A00277BE0 /* Preview Assets.xcassets */; };
		06F020B72DC53F9A00277BE0 /* To_Do_AppTests.swift in Sources */ = {isa = PBXBuildFile; fileRef = 06F020B62DC53F9A00277BE0 /* To_Do_AppTests.swift */; };
		06F020C12DC53F9A00277BE0 /* To_Do_AppUITests.swift in Sources */ = {isa = PBXBuildFile; fileRef = 06F020C02DC53F9A00277BE0 /* To_Do_AppUITests.swift */; };
		06F020C32DC53F9A00277BE0 /* To_Do_AppUITestsLaunchTests.swift in Sources */ = {isa = PBXBuildFile; fileRef = 06F020C22DC53F9A00277BE0 /* To_Do_AppUITestsLaunchTests.swift */; };
/* End PBXBuildFile section */

/* Begin PBXContainerItemProxy section */
		06F020B32DC53F9A00277BE0 /* PBXContainerItemProxy */ = {
			isa = PBXContainerItemProxy;
			containerPortal = 06F0209A2DC53F9600277BE0 /* Project object */;
			proxyType = 1;
			remoteGlobalIDString = 06F020A12DC53F9600277BE0;
			remoteInfo = "To-Do App";
		};
		06F020BD2DC53F9A00277BE0 /* PBXContainerItemProxy */ = {
			isa = PBXContainerItemProxy;
			containerPortal = 06F0209A2DC53F9600277BE0 /* Project object */;
			proxyType = 1;
			remoteGlobalIDString = 06F020A12DC53F9600277BE0;
			remoteInfo = "To-Do App";
		};
/* End PBXContainerItemProxy section */

/* Begin PBXFileReference section */
		0630797B2DC66DCB00781852 /* AddTaskView.swift */ = {isa = PBXFileReference; fileEncoding = 4; lastKnownFileType = sourcecode.swift; path = AddTaskView.swift; sourceTree = "<group>"; };
		0630797C2DC66DCB00781852 /* Models.swift */ = {isa = PBXFileReference; fileEncoding = 4; lastKnownFileType = sourcecode.swift; path = Models.swift; sourceTree = "<group>"; };
		0630797E2DC66DCB00781852 /* TaskListView.swift */ = {isa = PBXFileReference; fileEncoding = 4; lastKnownFileType = sourcecode.swift; path = TaskListView.swift; sourceTree = "<group>"; };
		0630797F2DC66DCB00781852 /* ContentView.swift */ = {isa = PBXFileReference; fileEncoding = 4; lastKnownFileType = sourcecode.swift; path = ContentView.swift; sourceTree = "<group>"; };
		063079852DC671FA00781852 /* AddCategoryView.swift */ = {isa = PBXFileReference; fileEncoding = 4; lastKnownFileType = sourcecode.swift; path = AddCategoryView.swift; sourceTree = "<group>"; };
		063079872DC684B000781852 /* RollingQuoteView.swift */ = {isa = PBXFileReference; fileEncoding = 4; lastKnownFileType = sourcecode.swift; path = RollingQuoteView.swift; sourceTree = "<group>"; };
		06EDB1BB2DC7982900094050 /* ShareSheet.swift */ = {isa = PBXFileReference; fileEncoding = 4; lastKnownFileType = sourcecode.swift; path = ShareSheet.swift; sourceTree = "<group>"; };
		06EDB1BC2DC7982900094050 /* ImportExportManager.swift */ = {isa = PBXFileReference; fileEncoding = 4; lastKnownFileType = sourcecode.swift; path = ImportExportManager.swift; sourceTree = "<group>"; };
		06EDB1BD2DC7982900094050 /* SearchViews.swift */ = {isa = PBXFileReference; fileEncoding = 4; lastKnownFileType = sourcecode.swift; path = SearchViews.swift; sourceTree = "<group>"; };
		06EDB1BE2DC7982900094050 /* StatisticsView.swift */ = {isa = PBXFileReference; fileEncoding = 4; lastKnownFileType = sourcecode.swift; path = StatisticsView.swift; sourceTree = "<group>"; };
		06EDB1BF2DC7982900094050 /* EditTaskView.swift */ = {isa = PBXFileReference; fileEncoding = 4; lastKnownFileType = sourcecode.swift; path = EditTaskView.swift; sourceTree = "<group>"; };
		06EDB1C52DC79E7E00094050 /* CategoryCard.swift */ = {isa = PBXFileReference; fileEncoding = 4; lastKnownFileType = sourcecode.swift; path = CategoryCard.swift; sourceTree = "<group>"; };
		06EDB1C72DC7CA7E00094050 /* SettingsView.swift */ = {isa = PBXFileReference; fileEncoding = 4; lastKnownFileType = sourcecode.swift; path = SettingsView.swift; sourceTree = "<group>"; };
		06EDB1C92DC7CF8700094050 /* CreditsView.swift */ = {isa = PBXFileReference; fileEncoding = 4; lastKnownFileType = sourcecode.swift; path = CreditsView.swift; sourceTree = "<group>"; };
		06EDB1CB2DC7E02E00094050 /* ThemeManager.swift */ = {isa = PBXFileReference; lastKnownFileType = sourcecode.swift; path = ThemeManager.swift; sourceTree = "<group>"; };
		06F020A22DC53F9600277BE0 /* To-Do App.app */ = {isa = PBXFileReference; explicitFileType = wrapper.application; includeInIndex = 0; path = "To-Do App.app"; sourceTree = BUILT_PRODUCTS_DIR; };
		06F020A52DC53F9600277BE0 /* To_Do_AppApp.swift */ = {isa = PBXFileReference; lastKnownFileType = sourcecode.swift; path = To_Do_AppApp.swift; sourceTree = "<group>"; };
		06F020A72DC53F9600277BE0 /* CalendarTaskView.swift */ = {isa = PBXFileReference; lastKnownFileType = sourcecode.swift; name = CalendarTaskView.swift; path = "/Users/shemacharmant/Desktop/To-Do App/To-Do App/CalendarTaskView.swift"; sourceTree = "<absolute>"; };
		06F020A92DC53F9A00277BE0 /* Assets.xcassets */ = {isa = PBXFileReference; lastKnownFileType = folder.assetcatalog; path = Assets.xcassets; sourceTree = "<group>"; };
		06F020AC2DC53F9A00277BE0 /* Preview Assets.xcassets */ = {isa = PBXFileReference; lastKnownFileType = folder.assetcatalog; path = "Preview Assets.xcassets"; sourceTree = "<group>"; };
		06F020B22DC53F9A00277BE0 /* To-Do AppTests.xctest */ = {isa = PBXFileReference; explicitFileType = wrapper.cfbundle; includeInIndex = 0; path = "To-Do AppTests.xctest"; sourceTree = BUILT_PRODUCTS_DIR; };
		06F020B62DC53F9A00277BE0 /* To_Do_AppTests.swift */ = {isa = PBXFileReference; lastKnownFileType = sourcecode.swift; path = To_Do_AppTests.swift; sourceTree = "<group>"; };
		06F020BC2DC53F9A00277BE0 /* To-Do AppUITests.xctest */ = {isa = PBXFileReference; explicitFileType = wrapper.cfbundle; includeInIndex = 0; path = "To-Do AppUITests.xctest"; sourceTree = BUILT_PRODUCTS_DIR; };
		06F020C02DC53F9A00277BE0 /* To_Do_AppUITests.swift */ = {isa = PBXFileReference; lastKnownFileType = sourcecode.swift; path = To_Do_AppUITests.swift; sourceTree = "<group>"; };
		06F020C22DC53F9A00277BE0 /* To_Do_AppUITestsLaunchTests.swift */ = {isa = PBXFileReference; lastKnownFileType = sourcecode.swift; path = To_Do_AppUITestsLaunchTests.swift; sourceTree = "<group>"; };
/* End PBXFileReference section */

/* Begin PBXFrameworksBuildPhase section */
		06F0209F2DC53F9600277BE0 /* Frameworks */ = {
			isa = PBXFrameworksBuildPhase;
			buildActionMask = 2147483647;
			files = (
			);
			runOnlyForDeploymentPostprocessing = 0;
		};
		06F020AF2DC53F9A00277BE0 /* Frameworks */ = {
			isa = PBXFrameworksBuildPhase;
			buildActionMask = 2147483647;
			files = (
			);
			runOnlyForDeploymentPostprocessing = 0;
		};
		06F020B92DC53F9A00277BE0 /* Frameworks */ = {
			isa = PBXFrameworksBuildPhase;
			buildActionMask = 2147483647;
			files = (
			);
			runOnlyForDeploymentPostprocessing = 0;
		};
/* End PBXFrameworksBuildPhase section */

/* Begin PBXGroup section */
		06F020992DC53F9600277BE0 = {
			isa = PBXGroup;
			children = (
				06F020A42DC53F9600277BE0 /* To-Do App */,
				06F020B52DC53F9A00277BE0 /* To-Do AppTests */,
				06F020BF2DC53F9A00277BE0 /* To-Do AppUITests */,
				06F020A32DC53F9600277BE0 /* Products */,
			);
			sourceTree = "<group>";
		};
		06F020A32DC53F9600277BE0 /* Products */ = {
			isa = PBXGroup;
			children = (
				06F020A22DC53F9600277BE0 /* To-Do App.app */,
				06F020B22DC53F9A00277BE0 /* To-Do AppTests.xctest */,
				06F020BC2DC53F9A00277BE0 /* To-Do AppUITests.xctest */,
			);
			name = Products;
			sourceTree = "<group>";
		};
		06F020A42DC53F9600277BE0 /* To-Do App */ = {
			isa = PBXGroup;
			children = (
				06EDB1C92DC7CF8700094050 /* CreditsView.swift */,
				06EDB1C72DC7CA7E00094050 /* SettingsView.swift */,
				06EDB1C52DC79E7E00094050 /* CategoryCard.swift */,
				06EDB1BF2DC7982900094050 /* EditTaskView.swift */,
				06EDB1BC2DC7982900094050 /* ImportExportManager.swift */,
				06EDB1BD2DC7982900094050 /* SearchViews.swift */,
				06EDB1BB2DC7982900094050 /* ShareSheet.swift */,
				06EDB1BE2DC7982900094050 /* StatisticsView.swift */,
				063079872DC684B000781852 /* RollingQuoteView.swift */,
				063079852DC671FA00781852 /* AddCategoryView.swift */,
				0630797B2DC66DCB00781852 /* AddTaskView.swift */,
				0630797F2DC66DCB00781852 /* ContentView.swift */,
				0630797C2DC66DCB00781852 /* Models.swift */,
				0630797E2DC66DCB00781852 /* TaskListView.swift */,
				06F020A52DC53F9600277BE0 /* To_Do_AppApp.swift */,
				06F020A72DC53F9600277BE0 /* CalendarTaskView.swift */,
				06EDB1CB2DC7E02E00094050 /* ThemeManager.swift */,
				06F020A92DC53F9A00277BE0 /* Assets.xcassets */,
				06F020AB2DC53F9A00277BE0 /* Preview Content */,
			);
			path = "To-Do App";
			sourceTree = "<group>";
		};
		06F020AB2DC53F9A00277BE0 /* Preview Content */ = {
			isa = PBXGroup;
			children = (
				06F020AC2DC53F9A00277BE0 /* Preview Assets.xcassets */,
			);
			path = "Preview Content";
			sourceTree = "<group>";
		};
		06F020B52DC53F9A00277BE0 /* To-Do AppTests */ = {
			isa = PBXGroup;
			children = (
				06F020B62DC53F9A00277BE0 /* To_Do_AppTests.swift */,
			);
			path = "To-Do AppTests";
			sourceTree = "<group>";
		};
		06F020BF2DC53F9A00277BE0 /* To-Do AppUITests */ = {
			isa = PBXGroup;
			children = (
				06F020C02DC53F9A00277BE0 /* To_Do_AppUITests.swift */,
				06F020C22DC53F9A00277BE0 /* To_Do_AppUITestsLaunchTests.swift */,
			);
			path = "To-Do AppUITests";
			sourceTree = "<group>";
		};
/* End PBXGroup section */

/* Begin PBXNativeTarget section */
		06F020A12DC53F9600277BE0 /* To-Do App */ = {
			isa = PBXNativeTarget;
			buildConfigurationList = 06F020C62DC53F9A00277BE0 /* Build configuration list for PBXNativeTarget "To-Do App" */;
			buildPhases = (
				06F0209E2DC53F9600277BE0 /* Sources */,
				06F0209F2DC53F9600277BE0 /* Frameworks */,
				06F020A02DC53F9600277BE0 /* Resources */,
			);
			buildRules = (
			);
			dependencies = (
			);
			name = "To-Do App";
			productName = "To-Do App";
			productReference = 06F020A22DC53F9600277BE0 /* To-Do App.app */;
			productType = "com.apple.product-type.application";
		};
		06F020B12DC53F9A00277BE0 /* To-Do AppTests */ = {
			isa = PBXNativeTarget;
			buildConfigurationList = 06F020C92DC53F9A00277BE0 /* Build configuration list for PBXNativeTarget "To-Do AppTests" */;
			buildPhases = (
				06F020AE2DC53F9A00277BE0 /* Sources */,
				06F020AF2DC53F9A00277BE0 /* Frameworks */,
				06F020B02DC53F9A00277BE0 /* Resources */,
			);
			buildRules = (
			);
			dependencies = (
				06F020B42DC53F9A00277BE0 /* PBXTargetDependency */,
			);
			name = "To-Do AppTests";
			productName = "To-Do AppTests";
			productReference = 06F020B22DC53F9A00277BE0 /* To-Do AppTests.xctest */;
			productType = "com.apple.product-type.bundle.unit-test";
		};
		06F020BB2DC53F9A00277BE0 /* To-Do AppUITests */ = {
			isa = PBXNativeTarget;
			buildConfigurationList = 06F020CC2DC53F9A00277BE0 /* Build configuration list for PBXNativeTarget "To-Do AppUITests" */;
			buildPhases = (
				06F020B82DC53F9A00277BE0 /* Sources */,
				06F020B92DC53F9A00277BE0 /* Frameworks */,
				06F020BA2DC53F9A00277BE0 /* Resources */,
			);
			buildRules = (
			);
			dependencies = (
				06F020BE2DC53F9A00277BE0 /* PBXTargetDependency */,
			);
			name = "To-Do AppUITests";
			productName = "To-Do AppUITests";
			productReference = 06F020BC2DC53F9A00277BE0 /* To-Do AppUITests.xctest */;
			productType = "com.apple.product-type.bundle.ui-testing";
		};
/* End PBXNativeTarget section */

/* Begin PBXProject section */
		06F0209A2DC53F9600277BE0 /* Project object */ = {
			isa = PBXProject;
			attributes = {
				BuildIndependentTargetsInParallel = 1;
				LastSwiftUpdateCheck = 1540;
				LastUpgradeCheck = 1540;
				TargetAttributes = {
					06F020A12DC53F9600277BE0 = {
						CreatedOnToolsVersion = 15.4;
					};
					06F020B12DC53F9A00277BE0 = {
						CreatedOnToolsVersion = 15.4;
						TestTargetID = 06F020A12DC53F9600277BE0;
					};
					06F020BB2DC53F9A00277BE0 = {
						CreatedOnToolsVersion = 15.4;
						TestTargetID = 06F020A12DC53F9600277BE0;
					};
				};
			};
			buildConfigurationList = 06F0209D2DC53F9600277BE0 /* Build configuration list for PBXProject "To-Do App" */;
			compatibilityVersion = "Xcode 14.0";
			developmentRegion = en;
			hasScannedForEncodings = 0;
			knownRegions = (
				en,
				Base,
			);
			mainGroup = 06F020992DC53F9600277BE0;
			productRefGroup = 06F020A32DC53F9600277BE0 /* Products */;
			projectDirPath = "";
			projectRoot = "";
			targets = (
				06F020A12DC53F9600277BE0 /* To-Do App */,
				06F020B12DC53F9A00277BE0 /* To-Do AppTests */,
				06F020BB2DC53F9A00277BE0 /* To-Do AppUITests */,
			);
		};
/* End PBXProject section */

/* Begin PBXResourcesBuildPhase section */
		06F020A02DC53F9600277BE0 /* Resources */ = {
			isa = PBXResourcesBuildPhase;
			buildActionMask = 2147483647;
			files = (
				06F020AD2DC53F9A00277BE0 /* Preview Assets.xcassets in Resources */,
				06F020AA2DC53F9A00277BE0 /* Assets.xcassets in Resources */,
			);
			runOnlyForDeploymentPostprocessing = 0;
		};
		06F020B02DC53F9A00277BE0 /* Resources */ = {
			isa = PBXResourcesBuildPhase;
			buildActionMask = 2147483647;
			files = (
			);
			runOnlyForDeploymentPostprocessing = 0;
		};
		06F020BA2DC53F9A00277BE0 /* Resources */ = {
			isa = PBXResourcesBuildPhase;
			buildActionMask = 2147483647;
			files = (
			);
			runOnlyForDeploymentPostprocessing = 0;
		};
/* End PBXResourcesBuildPhase section */

/* Begin PBXSourcesBuildPhase section */
		06F0209E2DC53F9600277BE0 /* Sources */ = {
			isa = PBXSourcesBuildPhase;
			buildActionMask = 2147483647;
			files = (
				06EDB1C82DC7CA7F00094050 /* SettingsView.swift in Sources */,
				06EDB1CA2DC7CF8700094050 /* CreditsView.swift in Sources */,
				06EDB1C12DC7982900094050 /* ImportExportManager.swift in Sources */,
				06EDB1C42DC7982900094050 /* EditTaskView.swift in Sources */,
				06EDB1C32DC7982900094050 /* StatisticsView.swift in Sources */,
				063079862DC671FA00781852 /* AddCategoryView.swift in Sources */,
				06EDB1C22DC7982900094050 /* SearchViews.swift in Sources */,
				063079882DC684B000781852 /* RollingQuoteView.swift in Sources */,
				063079802DC66DCC00781852 /* AddTaskView.swift in Sources */,
				063079842DC66DCC00781852 /* ContentView.swift in Sources */,
				06EDB1CC2DC7E02E00094050 /* ThemeManager.swift in Sources */,
				06F020A82DC53F9600277BE0 /* CalendarTaskView.swift in Sources */,
				06F020A62DC53F9600277BE0 /* To_Do_AppApp.swift in Sources */,
				063079812DC66DCC00781852 /* Models.swift in Sources */,
				06EDB1C62DC79E7F00094050 /* CategoryCard.swift in Sources */,
				06EDB1C02DC7982900094050 /* ShareSheet.swift in Sources */,
				063079832DC66DCC00781852 /* TaskListView.swift in Sources */,
			);
			runOnlyForDeploymentPostprocessing = 0;
		};
		06F020AE2DC53F9A00277BE0 /* Sources */ = {
			isa = PBXSourcesBuildPhase;
			buildActionMask = 2147483647;
			files = (
				06F020B72DC53F9A00277BE0 /* To_Do_AppTests.swift in Sources */,
			);
			runOnlyForDeploymentPostprocessing = 0;
		};
		06F020B82DC53F9A00277BE0 /* Sources */ = {
			isa = PBXSourcesBuildPhase;
			buildActionMask = 2147483647;
			files = (
				06F020C32DC53F9A00277BE0 /* To_Do_AppUITestsLaunchTests.swift in Sources */,
				06F020C12DC53F9A00277BE0 /* To_Do_AppUITests.swift in Sources */,
			);
			runOnlyForDeploymentPostprocessing = 0;
		};
/* End PBXSourcesBuildPhase section */

/* Begin PBXTargetDependency section */
		06F020B42DC53F9A00277BE0 /* PBXTargetDependency */ = {
			isa = PBXTargetDependency;
			target = 06F020A12DC53F9600277BE0 /* To-Do App */;
			targetProxy = 06F020B32DC53F9A00277BE0 /* PBXContainerItemProxy */;
		};
		06F020BE2DC53F9A00277BE0 /* PBXTargetDependency */ = {
			isa = PBXTargetDependency;
			target = 06F020A12DC53F9600277BE0 /* To-Do App */;
			targetProxy = 06F020BD2DC53F9A00277BE0 /* PBXContainerItemProxy */;
		};
/* End PBXTargetDependency section */

/* Begin XCBuildConfiguration section */
		06F020C42DC53F9A00277BE0 /* Debug */ = {
			isa = XCBuildConfiguration;
			buildSettings = {
				ALWAYS_SEARCH_USER_PATHS = NO;
				ASSETCATALOG_COMPILER_GENERATE_SWIFT_ASSET_SYMBOL_EXTENSIONS = YES;
				CLANG_ANALYZER_NONNULL = YES;
				CLANG_ANALYZER_NUMBER_OBJECT_CONVERSION = YES_AGGRESSIVE;
				CLANG_CXX_LANGUAGE_STANDARD = "gnu++20";
				CLANG_ENABLE_MODULES = YES;
				CLANG_ENABLE_OBJC_ARC = YES;
				CLANG_ENABLE_OBJC_WEAK = YES;
				CLANG_WARN_BLOCK_CAPTURE_AUTORELEASING = YES;
				CLANG_WARN_BOOL_CONVERSION = YES;
				CLANG_WARN_COMMA = YES;
				CLANG_WARN_CONSTANT_CONVERSION = YES;
				CLANG_WARN_DEPRECATED_OBJC_IMPLEMENTATIONS = YES;
				CLANG_WARN_DIRECT_OBJC_ISA_USAGE = YES_ERROR;
				CLANG_WARN_DOCUMENTATION_COMMENTS = YES;
				CLANG_WARN_EMPTY_BODY = YES;
				CLANG_WARN_ENUM_CONVERSION = YES;
				CLANG_WARN_INFINITE_RECURSION = YES;
				CLANG_WARN_INT_CONVERSION = YES;
				CLANG_WARN_NON_LITERAL_NULL_CONVERSION = YES;
				CLANG_WARN_OBJC_IMPLICIT_RETAIN_SELF = YES;
				CLANG_WARN_OBJC_LITERAL_CONVERSION = YES;
				CLANG_WARN_OBJC_ROOT_CLASS = YES_ERROR;
				CLANG_WARN_QUOTED_INCLUDE_IN_FRAMEWORK_HEADER = YES;
				CLANG_WARN_RANGE_LOOP_ANALYSIS = YES;
				CLANG_WARN_STRICT_PROTOTYPES = YES;
				CLANG_WARN_SUSPICIOUS_MOVE = YES;
				CLANG_WARN_UNGUARDED_AVAILABILITY = YES_AGGRESSIVE;
				CLANG_WARN_UNREACHABLE_CODE = YES;
				CLANG_WARN__DUPLICATE_METHOD_MATCH = YES;
				COPY_PHASE_STRIP = NO;
				DEBUG_INFORMATION_FORMAT = dwarf;
				ENABLE_STRICT_OBJC_MSGSEND = YES;
				ENABLE_TESTABILITY = YES;
				ENABLE_USER_SCRIPT_SANDBOXING = YES;
				GCC_C_LANGUAGE_STANDARD = gnu17;
				GCC_DYNAMIC_NO_PIC = NO;
				GCC_NO_COMMON_BLOCKS = YES;
				GCC_OPTIMIZATION_LEVEL = 0;
				GCC_PREPROCESSOR_DEFINITIONS = (
					"DEBUG=1",
					"$(inherited)",
				);
				GCC_WARN_64_TO_32_BIT_CONVERSION = YES;
				GCC_WARN_ABOUT_RETURN_TYPE = YES_ERROR;
				GCC_WARN_UNDECLARED_SELECTOR = YES;
				GCC_WARN_UNINITIALIZED_AUTOS = YES_AGGRESSIVE;
				GCC_WARN_UNUSED_FUNCTION = YES;
				GCC_WARN_UNUSED_VARIABLE = YES;
				IPHONEOS_DEPLOYMENT_TARGET = 17.5;
				LOCALIZATION_PREFERS_STRING_CATALOGS = YES;
				MTL_ENABLE_DEBUG_INFO = INCLUDE_SOURCE;
				MTL_FAST_MATH = YES;
				ONLY_ACTIVE_ARCH = YES;
				SDKROOT = iphoneos;
				SWIFT_ACTIVE_COMPILATION_CONDITIONS = "DEBUG $(inherited)";
				SWIFT_OPTIMIZATION_LEVEL = "-Onone";
			};
			name = Debug;
		};
		06F020C52DC53F9A00277BE0 /* Release */ = {
			isa = XCBuildConfiguration;
			buildSettings = {
				ALWAYS_SEARCH_USER_PATHS = NO;
				ASSETCATALOG_COMPILER_GENERATE_SWIFT_ASSET_SYMBOL_EXTENSIONS = YES;
				CLANG_ANALYZER_NONNULL = YES;
				CLANG_ANALYZER_NUMBER_OBJECT_CONVERSION = YES_AGGRESSIVE;
				CLANG_CXX_LANGUAGE_STANDARD = "gnu++20";
				CLANG_ENABLE_MODULES = YES;
				CLANG_ENABLE_OBJC_ARC = YES;
				CLANG_ENABLE_OBJC_WEAK = YES;
				CLANG_WARN_BLOCK_CAPTURE_AUTORELEASING = YES;
				CLANG_WARN_BOOL_CONVERSION = YES;
				CLANG_WARN_COMMA = YES;
				CLANG_WARN_CONSTANT_CONVERSION = YES;
				CLANG_WARN_DEPRECATED_OBJC_IMPLEMENTATIONS = YES;
				CLANG_WARN_DIRECT_OBJC_ISA_USAGE = YES_ERROR;
				CLANG_WARN_DOCUMENTATION_COMMENTS = YES;
				CLANG_WARN_EMPTY_BODY = YES;
				CLANG_WARN_ENUM_CONVERSION = YES;
				CLANG_WARN_INFINITE_RECURSION = YES;
				CLANG_WARN_INT_CONVERSION = YES;
				CLANG_WARN_NON_LITERAL_NULL_CONVERSION = YES;
				CLANG_WARN_OBJC_IMPLICIT_RETAIN_SELF = YES;
				CLANG_WARN_OBJC_LITERAL_CONVERSION = YES;
				CLANG_WARN_OBJC_ROOT_CLASS = YES_ERROR;
				CLANG_WARN_QUOTED_INCLUDE_IN_FRAMEWORK_HEADER = YES;
				CLANG_WARN_RANGE_LOOP_ANALYSIS = YES;
				CLANG_WARN_STRICT_PROTOTYPES = YES;
				CLANG_WARN_SUSPICIOUS_MOVE = YES;
				CLANG_WARN_UNGUARDED_AVAILABILITY = YES_AGGRESSIVE;
				CLANG_WARN_UNREACHABLE_CODE = YES;
				CLANG_WARN__DUPLICATE_METHOD_MATCH = YES;
				COPY_PHASE_STRIP = NO;
				DEBUG_INFORMATION_FORMAT = "dwarf-with-dsym";
				ENABLE_NS_ASSERTIONS = NO;
				ENABLE_STRICT_OBJC_MSGSEND = YES;
				ENABLE_USER_SCRIPT_SANDBOXING = YES;
				GCC_C_LANGUAGE_STANDARD = gnu17;
				GCC_NO_COMMON_BLOCKS = YES;
				GCC_WARN_64_TO_32_BIT_CONVERSION = YES;
				GCC_WARN_ABOUT_RETURN_TYPE = YES_ERROR;
				GCC_WARN_UNDECLARED_SELECTOR = YES;
				GCC_WARN_UNINITIALIZED_AUTOS = YES_AGGRESSIVE;
				GCC_WARN_UNUSED_FUNCTION = YES;
				GCC_WARN_UNUSED_VARIABLE = YES;
				IPHONEOS_DEPLOYMENT_TARGET = 17.5;
				LOCALIZATION_PREFERS_STRING_CATALOGS = YES;
				MTL_ENABLE_DEBUG_INFO = NO;
				MTL_FAST_MATH = YES;
				SDKROOT = iphoneos;
				SWIFT_COMPILATION_MODE = wholemodule;
				VALIDATE_PRODUCT = YES;
			};
			name = Release;
		};
		06F020C72DC53F9A00277BE0 /* Debug */ = {
			isa = XCBuildConfiguration;
			buildSettings = {
				ASSETCATALOG_COMPILER_APPICON_NAME = AppIcon;
				ASSETCATALOG_COMPILER_GLOBAL_ACCENT_COLOR_NAME = AccentColor;
				CODE_SIGN_STYLE = Automatic;
				CURRENT_PROJECT_VERSION = 1;
				DEVELOPMENT_ASSET_PATHS = "\"To-Do App/Preview Content\"";
				ENABLE_PREVIEWS = YES;
				GENERATE_INFOPLIST_FILE = YES;
				INFOPLIST_KEY_CFBundleDisplayName = "To-Do App Fast & Reliable";
				INFOPLIST_KEY_LSApplicationCategoryType = "public.app-category.productivity";
				INFOPLIST_KEY_UIApplicationSceneManifest_Generation = YES;
				INFOPLIST_KEY_UIApplicationSupportsIndirectInputEvents = YES;
				INFOPLIST_KEY_UILaunchScreen_Generation = YES;
				INFOPLIST_KEY_UIStatusBarStyle = "";
				INFOPLIST_KEY_UISupportedInterfaceOrientations_iPad = "UIInterfaceOrientationPortrait UIInterfaceOrientationPortraitUpsideDown UIInterfaceOrientationLandscapeLeft UIInterfaceOrientationLandscapeRight";
				INFOPLIST_KEY_UISupportedInterfaceOrientations_iPhone = "UIInterfaceOrientationPortrait UIInterfaceOrientationLandscapeLeft UIInterfaceOrientationLandscapeRight";
				LD_RUNPATH_SEARCH_PATHS = (
					"$(inherited)",
					"@executable_path/Frameworks",
				);
				MARKETING_VERSION = 1.0;
				PRODUCT_BUNDLE_IDENTIFIER = "shemacharmant.To-Do-App";
				PRODUCT_NAME = "$(TARGET_NAME)";
				SWIFT_EMIT_LOC_STRINGS = YES;
				SWIFT_VERSION = 5.0;
				TARGETED_DEVICE_FAMILY = "1,2";
			};
			name = Debug;
		};
		06F020C82DC53F9A00277BE0 /* Release */ = {
			isa = XCBuildConfiguration;
			buildSettings = {
				ASSETCATALOG_COMPILER_APPICON_NAME = AppIcon;
				ASSETCATALOG_COMPILER_GLOBAL_ACCENT_COLOR_NAME = AccentColor;
				CODE_SIGN_STYLE = Automatic;
				CURRENT_PROJECT_VERSION = 1;
				DEVELOPMENT_ASSET_PATHS = "\"To-Do App/Preview Content\"";
				ENABLE_PREVIEWS = YES;
				GENERATE_INFOPLIST_FILE = YES;
				INFOPLIST_KEY_CFBundleDisplayName = "To-Do App Fast & Reliable";
				INFOPLIST_KEY_LSApplicationCategoryType = "public.app-category.productivity";
				INFOPLIST_KEY_UIApplicationSceneManifest_Generation = YES;
				INFOPLIST_KEY_UIApplicationSupportsIndirectInputEvents = YES;
				INFOPLIST_KEY_UILaunchScreen_Generation = YES;
				INFOPLIST_KEY_UIStatusBarStyle = "";
				INFOPLIST_KEY_UISupportedInterfaceOrientations_iPad = "UIInterfaceOrientationPortrait UIInterfaceOrientationPortraitUpsideDown UIInterfaceOrientationLandscapeLeft UIInterfaceOrientationLandscapeRight";
				INFOPLIST_KEY_UISupportedInterfaceOrientations_iPhone = "UIInterfaceOrientationPortrait UIInterfaceOrientationLandscapeLeft UIInterfaceOrientationLandscapeRight";
				LD_RUNPATH_SEARCH_PATHS = (
					"$(inherited)",
					"@executable_path/Frameworks",
				);
				MARKETING_VERSION = 1.0;
				PRODUCT_BUNDLE_IDENTIFIER = "shemacharmant.To-Do-App";
				PRODUCT_NAME = "$(TARGET_NAME)";
				SWIFT_EMIT_LOC_STRINGS = YES;
				SWIFT_VERSION = 5.0;
				TARGETED_DEVICE_FAMILY = "1,2";
			};
			name = Release;
		};
		06F020CA2DC53F9A00277BE0 /* Debug */ = {
			isa = XCBuildConfiguration;
			buildSettings = {
				ALWAYS_EMBED_SWIFT_STANDARD_LIBRARIES = YES;
				BUNDLE_LOADER = "$(TEST_HOST)";
				CODE_SIGN_STYLE = Automatic;
				CURRENT_PROJECT_VERSION = 1;
				GENERATE_INFOPLIST_FILE = YES;
				IPHONEOS_DEPLOYMENT_TARGET = 17.5;
				MARKETING_VERSION = 1.0;
				PRODUCT_BUNDLE_IDENTIFIER = "shemacharmant.To-Do-AppTests";
				PRODUCT_NAME = "$(TARGET_NAME)";
				SWIFT_EMIT_LOC_STRINGS = NO;
				SWIFT_VERSION = 5.0;
				TARGETED_DEVICE_FAMILY = "1,2";
				TEST_HOST = "$(BUILT_PRODUCTS_DIR)/To-Do App.app/$(BUNDLE_EXECUTABLE_FOLDER_PATH)/To-Do App";
			};
			name = Debug;
		};
		06F020CB2DC53F9A00277BE0 /* Release */ = {
			isa = XCBuildConfiguration;
			buildSettings = {
				ALWAYS_EMBED_SWIFT_STANDARD_LIBRARIES = YES;
				BUNDLE_LOADER = "$(TEST_HOST)";
				CODE_SIGN_STYLE = Automatic;
				CURRENT_PROJECT_VERSION = 1;
				GENERATE_INFOPLIST_FILE = YES;
				IPHONEOS_DEPLOYMENT_TARGET = 17.5;
				MARKETING_VERSION = 1.0;
				PRODUCT_BUNDLE_IDENTIFIER = "shemacharmant.To-Do-AppTests";
				PRODUCT_NAME = "$(TARGET_NAME)";
				SWIFT_EMIT_LOC_STRINGS = NO;
				SWIFT_VERSION = 5.0;
				TARGETED_DEVICE_FAMILY = "1,2";
				TEST_HOST = "$(BUILT_PRODUCTS_DIR)/To-Do App.app/$(BUNDLE_EXECUTABLE_FOLDER_PATH)/To-Do App";
			};
			name = Release;
		};
		06F020CD2DC53F9A00277BE0 /* Debug */ = {
			isa = XCBuildConfiguration;
			buildSettings = {
				ALWAYS_EMBED_SWIFT_STANDARD_LIBRARIES = YES;
				CODE_SIGN_STYLE = Automatic;
				CURRENT_PROJECT_VERSION = 1;
				GENERATE_INFOPLIST_FILE = YES;
				MARKETING_VERSION = 1.0;
				PRODUCT_BUNDLE_IDENTIFIER = "shemacharmant.To-Do-AppUITests";
				PRODUCT_NAME = "$(TARGET_NAME)";
				SWIFT_EMIT_LOC_STRINGS = NO;
				SWIFT_VERSION = 5.0;
				TARGETED_DEVICE_FAMILY = "1,2";
				TEST_TARGET_NAME = "To-Do App";
			};
			name = Debug;
		};
		06F020CE2DC53F9A00277BE0 /* Release */ = {
			isa = XCBuildConfiguration;
			buildSettings = {
				ALWAYS_EMBED_SWIFT_STANDARD_LIBRARIES = YES;
				CODE_SIGN_STYLE = Automatic;
				CURRENT_PROJECT_VERSION = 1;
				GENERATE_INFOPLIST_FILE = YES;
				MARKETING_VERSION = 1.0;
				PRODUCT_BUNDLE_IDENTIFIER = "shemacharmant.To-Do-AppUITests";
				PRODUCT_NAME = "$(TARGET_NAME)";
				SWIFT_EMIT_LOC_STRINGS = NO;
				SWIFT_VERSION = 5.0;
				TARGETED_DEVICE_FAMILY = "1,2";
				TEST_TARGET_NAME = "To-Do App";
			};
			name = Release;
		};
/* End XCBuildConfiguration section */

/* Begin XCConfigurationList section */
		06F0209D2DC53F9600277BE0 /* Build configuration list for PBXProject "To-Do App" */ = {
			isa = XCConfigurationList;
			buildConfigurations = (
				06F020C42DC53F9A00277BE0 /* Debug */,
				06F020C52DC53F9A00277BE0 /* Release */,
			);
			defaultConfigurationIsVisible = 0;
			defaultConfigurationName = Release;
		};
		06F020C62DC53F9A00277BE0 /* Build configuration list for PBXNativeTarget "To-Do App" */ = {
			isa = XCConfigurationList;
			buildConfigurations = (
				06F020C72DC53F9A00277BE0 /* Debug */,
				06F020C82DC53F9A00277BE0 /* Release */,
			);
			defaultConfigurationIsVisible = 0;
			defaultConfigurationName = Release;
		};
		06F020C92DC53F9A00277BE0 /* Build configuration list for PBXNativeTarget "To-Do AppTests" */ = {
			isa = XCConfigurationList;
			buildConfigurations = (
				06F020CA2DC53F9A00277BE0 /* Debug */,
				06F020CB2DC53F9A00277BE0 /* Release */,
			);
			defaultConfigurationIsVisible = 0;
			defaultConfigurationName = Release;
		};
		06F020CC2DC53F9A00277BE0 /* Build configuration list for PBXNativeTarget "To-Do AppUITests" */ = {
			isa = XCConfigurationList;
			buildConfigurations = (
				06F020CD2DC53F9A00277BE0 /* Debug */,
				06F020CE2DC53F9A00277BE0 /* Release */,
			);
			defaultConfigurationIsVisible = 0;
			defaultConfigurationName = Release;
		};
/* End XCConfigurationList section */
	};
	rootObject = 06F0209A2DC53F9600277BE0 /* Project object */;
}
